
Microsoft Visual Studio Solution File, Format Version 12.00
# Visual Studio Version 17
VisualStudioVersion = 17.7.34009.444
MinimumVisualStudioVersion = 10.0.40219.1
Project("{FAE04EC0-301F-11D3-BF4B-00C04F79EFBC}") = "pract", "pract.csproj", "{95ECC041-E126-4E14-BC5C-DCB062BEBB21}"
EndProject
Global
	GlobalSection(SolutionConfigurationPlatforms) = preSolution
		Debug|Any CPU = Debug|Any CPU
		Release|Any CPU = Release|Any CPU
	EndGlobalSection
	GlobalSection(ProjectConfigurationPlatforms) = postSolution
		{95ECC041-E126-4E14-BC5C-DCB062BEBB21}.Debug|Any CPU.ActiveCfg = Debug|Any CPU
		{95ECC041-E126-4E14-BC5C-DCB062BEBB21}.Debug|Any CPU.Build.0 = Debug|Any CPU
		{95ECC041-E126-4E14-BC5C-DCB062BEBB21}.Release|Any CPU.ActiveCfg = Release|Any CPU
		{95ECC041-E126-4E14-BC5C-DCB062BEBB21}.Release|Any CPU.Build.0 = Release|Any CPU
	EndGlobalSection
	GlobalSection(SolutionProperties) = preSolution
		HideSolutionNode = FALSE
	EndGlobalSection
	GlobalSection(ExtensibilityGlobals) = postSolution
		SolutionGuid = {BB568271-8CAC-4FC1-80BC-A5E2E8B6CD0D}
	EndGlobalSection
EndGlobal
